
Microsoft Visual Studio Solution File, Format Version 12.00
# Visual Studio Version 17
VisualStudioVersion = 17.0.31903.59
MinimumVisualStudioVersion = 10.0.40219.1
Project("{FAE04EC0-301F-11D3-BF4B-00C04F79EFBC}") = "Refactoring", "Refactoring\Refactoring.csproj", "{A1806859-FD29-458F-BF43-CA59214D27DC}"
EndProject
Project("{FAE04EC0-301F-11D3-BF4B-00C04F79EFBC}") = "RefactoringTest", "RefactoringTest\RefactoringTest.csproj", "{38751CF6-C1FE-47D9-9712-3DEA0709CC29}"
EndProject
Global
	GlobalSection(SolutionConfigurationPlatforms) = preSolution
		Debug|Any CPU = Debug|Any CPU
		Release|Any CPU = Release|Any CPU
	EndGlobalSection
	GlobalSection(SolutionProperties) = preSolution
		HideSolutionNode = FALSE
	EndGlobalSection
	GlobalSection(ProjectConfigurationPlatforms) = postSolution
		{A1806859-FD29-458F-BF43-CA59214D27DC}.Debug|Any CPU.ActiveCfg = Debug|Any CPU
		{A1806859-FD29-458F-BF43-CA59214D27DC}.Debug|Any CPU.Build.0 = Debug|Any CPU
		{A1806859-FD29-458F-BF43-CA59214D27DC}.Release|Any CPU.ActiveCfg = Release|Any CPU
		{A1806859-FD29-458F-BF43-CA59214D27DC}.Release|Any CPU.Build.0 = Release|Any CPU
		{38751CF6-C1FE-47D9-9712-3DEA0709CC29}.Debug|Any CPU.ActiveCfg = Debug|Any CPU
		{38751CF6-C1FE-47D9-9712-3DEA0709CC29}.Debug|Any CPU.Build.0 = Debug|Any CPU
		{38751CF6-C1FE-47D9-9712-3DEA0709CC29}.Release|Any CPU.ActiveCfg = Release|Any CPU
		{38751CF6-C1FE-47D9-9712-3DEA0709CC29}.Release|Any CPU.Build.0 = Release|Any CPU
	EndGlobalSection
EndGlobal
